
Microsoft Visual Studio Solution File, Format Version 12.00
# Visual Studio Version 17
VisualStudioVersion = 17.7.34018.315
MinimumVisualStudioVersion = 10.0.40219.1
Project("{FAE04EC0-301F-11D3-BF4B-00C04F79EFBC}") = "State02", "State02\State02.csproj", "{A75789E2-AF93-478A-A31D-B1D0ECC005CA}"
EndProject
Global
	GlobalSection(SolutionConfigurationPlatforms) = preSolution
		Debug|Any CPU = Debug|Any CPU
		Release|Any CPU = Release|Any CPU
	EndGlobalSection
	GlobalSection(ProjectConfigurationPlatforms) = postSolution
		{A75789E2-AF93-478A-A31D-B1D0ECC005CA}.Debug|Any CPU.ActiveCfg = Debug|Any CPU
		{A75789E2-AF93-478A-A31D-B1D0ECC005CA}.Debug|Any CPU.Build.0 = Debug|Any CPU
		{A75789E2-AF93-478A-A31D-B1D0ECC005CA}.Release|Any CPU.ActiveCfg = Release|Any CPU
		{A75789E2-AF93-478A-A31D-B1D0ECC005CA}.Release|Any CPU.Build.0 = Release|Any CPU
	EndGlobalSection
	GlobalSection(SolutionProperties) = preSolution
		HideSolutionNode = FALSE
	EndGlobalSection
	GlobalSection(ExtensibilityGlobals) = postSolution
		SolutionGuid = {18A74D63-5E0F-4948-BF3B-3D96DFBBFB3B}
	EndGlobalSection
EndGlobal
