
Microsoft Visual Studio Solution File, Format Version 12.00
# Visual Studio Version 17
VisualStudioVersion = 17.7.34018.315
MinimumVisualStudioVersion = 10.0.40219.1
Project("{FAE04EC0-301F-11D3-BF4B-00C04F79EFBC}") = "Cenario1", "Cenario1\Cenario1.csproj", "{AE972F5A-8041-4D36-8FAF-95474B1E13F1}"
EndProject
Global
	GlobalSection(SolutionConfigurationPlatforms) = preSolution
		Debug|Any CPU = Debug|Any CPU
		Release|Any CPU = Release|Any CPU
	EndGlobalSection
	GlobalSection(ProjectConfigurationPlatforms) = postSolution
		{AE972F5A-8041-4D36-8FAF-95474B1E13F1}.Debug|Any CPU.ActiveCfg = Debug|Any CPU
		{AE972F5A-8041-4D36-8FAF-95474B1E13F1}.Debug|Any CPU.Build.0 = Debug|Any CPU
		{AE972F5A-8041-4D36-8FAF-95474B1E13F1}.Release|Any CPU.ActiveCfg = Release|Any CPU
		{AE972F5A-8041-4D36-8FAF-95474B1E13F1}.Release|Any CPU.Build.0 = Release|Any CPU
	EndGlobalSection
	GlobalSection(SolutionProperties) = preSolution
		HideSolutionNode = FALSE
	EndGlobalSection
	GlobalSection(ExtensibilityGlobals) = postSolution
		SolutionGuid = {423DB7D0-F6BE-4B1A-A68C-945683802F4C}
	EndGlobalSection
EndGlobal
