
Microsoft Visual Studio Solution File, Format Version 12.00
# Visual Studio Version 17
VisualStudioVersion = 17.8.34525.116
MinimumVisualStudioVersion = 10.0.40219.1
Project("{9A19103F-16F7-4668-BE54-9A1E7A4F7556}") = "Cenario3", "cenario3\Cenario3.csproj", "{000AA12A-0700-49FA-BD84-6F09915E48DC}"
EndProject
Global
	GlobalSection(SolutionConfigurationPlatforms) = preSolution
		Debug|Any CPU = Debug|Any CPU
		Release|Any CPU = Release|Any CPU
	EndGlobalSection
	GlobalSection(ProjectConfigurationPlatforms) = postSolution
		{000AA12A-0700-49FA-BD84-6F09915E48DC}.Debug|Any CPU.ActiveCfg = Debug|Any CPU
		{000AA12A-0700-49FA-BD84-6F09915E48DC}.Debug|Any CPU.Build.0 = Debug|Any CPU
		{000AA12A-0700-49FA-BD84-6F09915E48DC}.Release|Any CPU.ActiveCfg = Release|Any CPU
		{000AA12A-0700-49FA-BD84-6F09915E48DC}.Release|Any CPU.Build.0 = Release|Any CPU
	EndGlobalSection
	GlobalSection(SolutionProperties) = preSolution
		HideSolutionNode = FALSE
	EndGlobalSection
	GlobalSection(ExtensibilityGlobals) = postSolution
		SolutionGuid = {747785EA-AFC3-40AB-A84F-1CEE1D50184A}
	EndGlobalSection
EndGlobal
