
Microsoft Visual Studio Solution File, Format Version 12.00
# Visual Studio Version 17
VisualStudioVersion = 17.9.34728.123
MinimumVisualStudioVersion = 10.0.40219.1
Project("{FAE04EC0-301F-11D3-BF4B-00C04F79EFBC}") = "BuilderProblema", "BuilderProblema\BuilderProblema.csproj", "{BB6664A0-405F-4186-84FA-E2C18AC216E3}"
EndProject
Global
	GlobalSection(SolutionConfigurationPlatforms) = preSolution
		Debug|Any CPU = Debug|Any CPU
		Release|Any CPU = Release|Any CPU
	EndGlobalSection
	GlobalSection(ProjectConfigurationPlatforms) = postSolution
		{BB6664A0-405F-4186-84FA-E2C18AC216E3}.Debug|Any CPU.ActiveCfg = Debug|Any CPU
		{BB6664A0-405F-4186-84FA-E2C18AC216E3}.Debug|Any CPU.Build.0 = Debug|Any CPU
		{BB6664A0-405F-4186-84FA-E2C18AC216E3}.Release|Any CPU.ActiveCfg = Release|Any CPU
		{BB6664A0-405F-4186-84FA-E2C18AC216E3}.Release|Any CPU.Build.0 = Release|Any CPU
	EndGlobalSection
	GlobalSection(SolutionProperties) = preSolution
		HideSolutionNode = FALSE
	EndGlobalSection
	GlobalSection(ExtensibilityGlobals) = postSolution
		SolutionGuid = {64D61DC3-CA4D-468A-B734-AEF760A0EFDF}
	EndGlobalSection
EndGlobal
