
Microsoft Visual Studio Solution File, Format Version 12.00
# Visual Studio Version 17
VisualStudioVersion = 17.8.34525.116
MinimumVisualStudioVersion = 10.0.40219.1
Project("{FAE04EC0-301F-11D3-BF4B-00C04F79EFBC}") = "AbstractFactorySolucao", "AbstractFactorySolucao\AbstractFactorySolucao.csproj", "{C4F41D8A-5E41-4B10-A119-4D8D69EF5FFD}"
EndProject
Global
	GlobalSection(SolutionConfigurationPlatforms) = preSolution
		Debug|Any CPU = Debug|Any CPU
		Release|Any CPU = Release|Any CPU
	EndGlobalSection
	GlobalSection(ProjectConfigurationPlatforms) = postSolution
		{C4F41D8A-5E41-4B10-A119-4D8D69EF5FFD}.Debug|Any CPU.ActiveCfg = Debug|Any CPU
		{C4F41D8A-5E41-4B10-A119-4D8D69EF5FFD}.Debug|Any CPU.Build.0 = Debug|Any CPU
		{C4F41D8A-5E41-4B10-A119-4D8D69EF5FFD}.Release|Any CPU.ActiveCfg = Release|Any CPU
		{C4F41D8A-5E41-4B10-A119-4D8D69EF5FFD}.Release|Any CPU.Build.0 = Release|Any CPU
	EndGlobalSection
	GlobalSection(SolutionProperties) = preSolution
		HideSolutionNode = FALSE
	EndGlobalSection
	GlobalSection(ExtensibilityGlobals) = postSolution
		SolutionGuid = {D7668E06-8317-4447-9281-CC6B0B0C9A83}
	EndGlobalSection
EndGlobal
