
Microsoft Visual Studio Solution File, Format Version 12.00
# Visual Studio Version 17
VisualStudioVersion = 17.7.34018.315
MinimumVisualStudioVersion = 10.0.40219.1
Project("{FAE04EC0-301F-11D3-BF4B-00C04F79EFBC}") = "TemplateMethod", "TemplateMethod\TemplateMethod.csproj", "{76D5C2EE-1D89-4DDB-BCD6-98594FFC6882}"
EndProject
Global
	GlobalSection(SolutionConfigurationPlatforms) = preSolution
		Debug|Any CPU = Debug|Any CPU
		Release|Any CPU = Release|Any CPU
	EndGlobalSection
	GlobalSection(ProjectConfigurationPlatforms) = postSolution
		{76D5C2EE-1D89-4DDB-BCD6-98594FFC6882}.Debug|Any CPU.ActiveCfg = Debug|Any CPU
		{76D5C2EE-1D89-4DDB-BCD6-98594FFC6882}.Debug|Any CPU.Build.0 = Debug|Any CPU
		{76D5C2EE-1D89-4DDB-BCD6-98594FFC6882}.Release|Any CPU.ActiveCfg = Release|Any CPU
		{76D5C2EE-1D89-4DDB-BCD6-98594FFC6882}.Release|Any CPU.Build.0 = Release|Any CPU
	EndGlobalSection
	GlobalSection(SolutionProperties) = preSolution
		HideSolutionNode = FALSE
	EndGlobalSection
	GlobalSection(ExtensibilityGlobals) = postSolution
		SolutionGuid = {CC47C1FA-E823-460F-ABD6-4C65D161744A}
	EndGlobalSection
EndGlobal
