
Microsoft Visual Studio Solution File, Format Version 12.00
# Visual Studio Version 17
VisualStudioVersion = 17.7.34202.233
MinimumVisualStudioVersion = 10.0.40219.1
Project("{FAE04EC0-301F-11D3-BF4B-00C04F79EFBC}") = "FacadeProblema", "FacadeProblema\FacadeProblema.csproj", "{B8053BD2-CCC8-4467-A5E8-38965706662A}"
EndProject
Global
	GlobalSection(SolutionConfigurationPlatforms) = preSolution
		Debug|Any CPU = Debug|Any CPU
		Release|Any CPU = Release|Any CPU
	EndGlobalSection
	GlobalSection(ProjectConfigurationPlatforms) = postSolution
		{B8053BD2-CCC8-4467-A5E8-38965706662A}.Debug|Any CPU.ActiveCfg = Debug|Any CPU
		{B8053BD2-CCC8-4467-A5E8-38965706662A}.Debug|Any CPU.Build.0 = Debug|Any CPU
		{B8053BD2-CCC8-4467-A5E8-38965706662A}.Release|Any CPU.ActiveCfg = Release|Any CPU
		{B8053BD2-CCC8-4467-A5E8-38965706662A}.Release|Any CPU.Build.0 = Release|Any CPU
	EndGlobalSection
	GlobalSection(SolutionProperties) = preSolution
		HideSolutionNode = FALSE
	EndGlobalSection
	GlobalSection(ExtensibilityGlobals) = postSolution
		SolutionGuid = {9FFD679A-8068-429A-9CEC-AD92503D0B4F}
	EndGlobalSection
EndGlobal
